
Microsoft Visual Studio Solution File, Format Version 12.00
# Visual Studio Version 17
VisualStudioVersion = 17.11.35208.52
MinimumVisualStudioVersion = 10.0.40219.1
Project("{FAE04EC0-301F-11D3-BF4B-00C04F79EFBC}") = "UrbanCompanyClone", "UrbanCompanyClone.csproj", "{0367BF4D-17CB-4ECC-85F9-420768D10744}"
EndProject
Global
	GlobalSection(SolutionConfigurationPlatforms) = preSolution
		Debug|Any CPU = Debug|Any CPU
		Release|Any CPU = Release|Any CPU
	EndGlobalSection
	GlobalSection(ProjectConfigurationPlatforms) = postSolution
		{0367BF4D-17CB-4ECC-85F9-420768D10744}.Debug|Any CPU.ActiveCfg = Debug|Any CPU
		{0367BF4D-17CB-4ECC-85F9-420768D10744}.Debug|Any CPU.Build.0 = Debug|Any CPU
		{0367BF4D-17CB-4ECC-85F9-420768D10744}.Release|Any CPU.ActiveCfg = Release|Any CPU
		{0367BF4D-17CB-4ECC-85F9-420768D10744}.Release|Any CPU.Build.0 = Release|Any CPU
	EndGlobalSection
	GlobalSection(SolutionProperties) = preSolution
		HideSolutionNode = FALSE
	EndGlobalSection
	GlobalSection(ExtensibilityGlobals) = postSolution
		SolutionGuid = {0D166481-9373-4BF3-B57E-DD35FFB112CC}
	EndGlobalSection
EndGlobal
